
Microsoft Visual Studio Solution File, Format Version 12.00
# Visual Studio Version 16
VisualStudioVersion = 16.0.30114.105
MinimumVisualStudioVersion = 10.0.40219.1
Project("{2150E333-8FDC-42A3-9474-1A3956D46DE8}") = "Solution Items", "Solution Items", "{54FA9C2E-4BED-492C-9DD2-7209A77510D7}"
EndProject
Project("{2150E333-8FDC-42A3-9474-1A3956D46DE8}") = "src", "src", "{ECAFE3B5-546C-4E51-B50B-91E4DB37C77E}"
EndProject
Project("{2150E333-8FDC-42A3-9474-1A3956D46DE8}") = "01.Presentation", "01.Presentation", "{B5FD4616-F83F-4249-B483-61E9E601539F}"
EndProject
Project("{2150E333-8FDC-42A3-9474-1A3956D46DE8}") = "02.Application", "02.Application", "{7B0BBD10-F0E4-4962-89CC-7A4F3081464A}"
EndProject
Project("{2150E333-8FDC-42A3-9474-1A3956D46DE8}") = "03.Domain", "03.Domain", "{4E99B160-78EC-4049-8990-C2EF0A11D1FC}"
EndProject
Project("{2150E333-8FDC-42A3-9474-1A3956D46DE8}") = "04.Infrastructure", "04.Infrastructure", "{A593F6C4-DFB2-4AB7-B341-78D0DC34C96D}"
EndProject
Project("{FAE04EC0-301F-11D3-BF4B-00C04F79EFBC}") = "Ioliu.Domain", "Ioliu.Domain\Ioliu.Domain.csproj", "{8A6F0098-DB9A-477E-B11E-ACD302C56658}"
EndProject
Project("{FAE04EC0-301F-11D3-BF4B-00C04F79EFBC}") = "Ioliu.EntityFrameworkCore", "Ioliu.EntityFrameworkCore\Ioliu.EntityFrameworkCore.csproj", "{98211687-FBE3-4C80-B406-E0DB205243E4}"
EndProject
Project("{FAE04EC0-301F-11D3-BF4B-00C04F79EFBC}") = "Ioliu.Utility", "Ioliu.Utility\Ioliu.Utility.csproj", "{86FE8691-6A94-4F4F-B69D-F1D2AEDFA408}"
EndProject
Project("{FAE04EC0-301F-11D3-BF4B-00C04F79EFBC}") = "Ioliu.Application", "Ioliu.Application\Ioliu.Application.csproj", "{E3092195-D3EC-4400-833D-FA75CBF81A29}"
EndProject
Project("{FAE04EC0-301F-11D3-BF4B-00C04F79EFBC}") = "Ioliu.MVC", "Ioliu.MVC\Ioliu.MVC.csproj", "{2852579A-E40F-4626-9540-D8AE0D363699}"
EndProject
Project("{FAE04EC0-301F-11D3-BF4B-00C04F79EFBC}") = "Ioliu.API", "Ioliu.API\Ioliu.API.csproj", "{4053EF4C-B73C-4274-ACAD-912133162351}"
EndProject
Project("{FAE04EC0-301F-11D3-BF4B-00C04F79EFBC}") = "Ioliu.Blazor", "Ioliu.Blazor\Ioliu.Blazor.csproj", "{C0B13AC3-75D4-4247-93A4-9C2025CC60D1}"
EndProject
Global
	GlobalSection(SolutionConfigurationPlatforms) = preSolution
		Debug|Any CPU = Debug|Any CPU
		Release|Any CPU = Release|Any CPU
	EndGlobalSection
	GlobalSection(ProjectConfigurationPlatforms) = postSolution
		{8A6F0098-DB9A-477E-B11E-ACD302C56658}.Debug|Any CPU.ActiveCfg = Debug|Any CPU
		{8A6F0098-DB9A-477E-B11E-ACD302C56658}.Debug|Any CPU.Build.0 = Debug|Any CPU
		{8A6F0098-DB9A-477E-B11E-ACD302C56658}.Release|Any CPU.ActiveCfg = Release|Any CPU
		{8A6F0098-DB9A-477E-B11E-ACD302C56658}.Release|Any CPU.Build.0 = Release|Any CPU
		{98211687-FBE3-4C80-B406-E0DB205243E4}.Debug|Any CPU.ActiveCfg = Debug|Any CPU
		{98211687-FBE3-4C80-B406-E0DB205243E4}.Debug|Any CPU.Build.0 = Debug|Any CPU
		{98211687-FBE3-4C80-B406-E0DB205243E4}.Release|Any CPU.ActiveCfg = Release|Any CPU
		{98211687-FBE3-4C80-B406-E0DB205243E4}.Release|Any CPU.Build.0 = Release|Any CPU
		{86FE8691-6A94-4F4F-B69D-F1D2AEDFA408}.Debug|Any CPU.ActiveCfg = Debug|Any CPU
		{86FE8691-6A94-4F4F-B69D-F1D2AEDFA408}.Debug|Any CPU.Build.0 = Debug|Any CPU
		{86FE8691-6A94-4F4F-B69D-F1D2AEDFA408}.Release|Any CPU.ActiveCfg = Release|Any CPU
		{86FE8691-6A94-4F4F-B69D-F1D2AEDFA408}.Release|Any CPU.Build.0 = Release|Any CPU
		{E3092195-D3EC-4400-833D-FA75CBF81A29}.Debug|Any CPU.ActiveCfg = Debug|Any CPU
		{E3092195-D3EC-4400-833D-FA75CBF81A29}.Debug|Any CPU.Build.0 = Debug|Any CPU
		{E3092195-D3EC-4400-833D-FA75CBF81A29}.Release|Any CPU.ActiveCfg = Release|Any CPU
		{E3092195-D3EC-4400-833D-FA75CBF81A29}.Release|Any CPU.Build.0 = Release|Any CPU
		{2852579A-E40F-4626-9540-D8AE0D363699}.Debug|Any CPU.ActiveCfg = Debug|Any CPU
		{2852579A-E40F-4626-9540-D8AE0D363699}.Debug|Any CPU.Build.0 = Debug|Any CPU
		{2852579A-E40F-4626-9540-D8AE0D363699}.Release|Any CPU.ActiveCfg = Release|Any CPU
		{2852579A-E40F-4626-9540-D8AE0D363699}.Release|Any CPU.Build.0 = Release|Any CPU
		{4053EF4C-B73C-4274-ACAD-912133162351}.Debug|Any CPU.ActiveCfg = Debug|Any CPU
		{4053EF4C-B73C-4274-ACAD-912133162351}.Debug|Any CPU.Build.0 = Debug|Any CPU
		{4053EF4C-B73C-4274-ACAD-912133162351}.Release|Any CPU.ActiveCfg = Release|Any CPU
		{4053EF4C-B73C-4274-ACAD-912133162351}.Release|Any CPU.Build.0 = Release|Any CPU
		{C0B13AC3-75D4-4247-93A4-9C2025CC60D1}.Debug|Any CPU.ActiveCfg = Debug|Any CPU
		{C0B13AC3-75D4-4247-93A4-9C2025CC60D1}.Debug|Any CPU.Build.0 = Debug|Any CPU
		{C0B13AC3-75D4-4247-93A4-9C2025CC60D1}.Release|Any CPU.ActiveCfg = Release|Any CPU
		{C0B13AC3-75D4-4247-93A4-9C2025CC60D1}.Release|Any CPU.Build.0 = Release|Any CPU
	EndGlobalSection
	GlobalSection(SolutionProperties) = preSolution
		HideSolutionNode = FALSE
	EndGlobalSection
	GlobalSection(NestedProjects) = preSolution
		{B5FD4616-F83F-4249-B483-61E9E601539F} = {ECAFE3B5-546C-4E51-B50B-91E4DB37C77E}
		{7B0BBD10-F0E4-4962-89CC-7A4F3081464A} = {ECAFE3B5-546C-4E51-B50B-91E4DB37C77E}
		{4E99B160-78EC-4049-8990-C2EF0A11D1FC} = {ECAFE3B5-546C-4E51-B50B-91E4DB37C77E}
		{A593F6C4-DFB2-4AB7-B341-78D0DC34C96D} = {ECAFE3B5-546C-4E51-B50B-91E4DB37C77E}
		{8A6F0098-DB9A-477E-B11E-ACD302C56658} = {4E99B160-78EC-4049-8990-C2EF0A11D1FC}
		{98211687-FBE3-4C80-B406-E0DB205243E4} = {A593F6C4-DFB2-4AB7-B341-78D0DC34C96D}
		{86FE8691-6A94-4F4F-B69D-F1D2AEDFA408} = {A593F6C4-DFB2-4AB7-B341-78D0DC34C96D}
		{E3092195-D3EC-4400-833D-FA75CBF81A29} = {7B0BBD10-F0E4-4962-89CC-7A4F3081464A}
		{2852579A-E40F-4626-9540-D8AE0D363699} = {B5FD4616-F83F-4249-B483-61E9E601539F}
		{4053EF4C-B73C-4274-ACAD-912133162351} = {B5FD4616-F83F-4249-B483-61E9E601539F}
		{C0B13AC3-75D4-4247-93A4-9C2025CC60D1} = {B5FD4616-F83F-4249-B483-61E9E601539F}
	EndGlobalSection
	GlobalSection(ExtensibilityGlobals) = postSolution
		SolutionGuid = {0BD65FE4-5A7F-4C91-A83E-11211E5DB8AF}
	EndGlobalSection
EndGlobal
