
Microsoft Visual Studio Solution File, Format Version 12.00
# Visual Studio Version 16
VisualStudioVersion = 16.0.30114.105
MinimumVisualStudioVersion = 10.0.40219.1
Project("{FAE04EC0-301F-11D3-BF4B-00C04F79EFBC}") = "blog.ioliu.net", "blog.ioliu.net.csproj", "{D4D69878-06BF-4D88-BDA9-F1C018DCDFFC}"
EndProject
Global
	GlobalSection(SolutionConfigurationPlatforms) = preSolution
		Debug|Any CPU = Debug|Any CPU
		Release|Any CPU = Release|Any CPU
	EndGlobalSection
	GlobalSection(ProjectConfigurationPlatforms) = postSolution
		{D4D69878-06BF-4D88-BDA9-F1C018DCDFFC}.Debug|Any CPU.ActiveCfg = Debug|Any CPU
		{D4D69878-06BF-4D88-BDA9-F1C018DCDFFC}.Debug|Any CPU.Build.0 = Debug|Any CPU
		{D4D69878-06BF-4D88-BDA9-F1C018DCDFFC}.Release|Any CPU.ActiveCfg = Release|Any CPU
		{D4D69878-06BF-4D88-BDA9-F1C018DCDFFC}.Release|Any CPU.Build.0 = Release|Any CPU
	EndGlobalSection
	GlobalSection(SolutionProperties) = preSolution
		HideSolutionNode = FALSE
	EndGlobalSection
	GlobalSection(ExtensibilityGlobals) = postSolution
		SolutionGuid = {0BD65FE4-5A7F-4C91-A83E-11211E5DB8AF}
	EndGlobalSection
EndGlobal
